
Microsoft Visual Studio Solution File, Format Version 12.00
# Visual Studio Version 17
VisualStudioVersion = 17.7.34221.43
MinimumVisualStudioVersion = 10.0.40219.1
Project("{9A19103F-16F7-4668-BE54-9A1E7A4F7556}") = "Randomizer", "Randomizer.csproj", "{F81119F9-E5D5-4D7B-8870-D12311A1A3FB}"
EndProject
Global
	GlobalSection(SolutionConfigurationPlatforms) = preSolution
		Debug|Any CPU = Debug|Any CPU
		Release|Any CPU = Release|Any CPU
	EndGlobalSection
	GlobalSection(ProjectConfigurationPlatforms) = postSolution
		{F81119F9-E5D5-4D7B-8870-D12311A1A3FB}.Debug|Any CPU.ActiveCfg = Debug|Any CPU
		{F81119F9-E5D5-4D7B-8870-D12311A1A3FB}.Debug|Any CPU.Build.0 = Debug|Any CPU
		{F81119F9-E5D5-4D7B-8870-D12311A1A3FB}.Release|Any CPU.ActiveCfg = Release|Any CPU
		{F81119F9-E5D5-4D7B-8870-D12311A1A3FB}.Release|Any CPU.Build.0 = Release|Any CPU
	EndGlobalSection
	GlobalSection(SolutionProperties) = preSolution
		HideSolutionNode = FALSE
	EndGlobalSection
	GlobalSection(ExtensibilityGlobals) = postSolution
		SolutionGuid = {7406A7EE-4B24-4440-9900-9EFCBCEAC2FE}
	EndGlobalSection
EndGlobal
