
Microsoft Visual Studio Solution File, Format Version 12.00
# Visual Studio Version 17
VisualStudioVersion = 17.7.34221.43
MinimumVisualStudioVersion = 10.0.40219.1
Project("{FAE04EC0-301F-11D3-BF4B-00C04F79EFBC}") = "Universal", "Universal.csproj", "{A505FF42-9D08-4134-949B-235DF91D7A98}"
EndProject
Global
	GlobalSection(SolutionConfigurationPlatforms) = preSolution
		Debug|Any CPU = Debug|Any CPU
		Release|Any CPU = Release|Any CPU
	EndGlobalSection
	GlobalSection(ProjectConfigurationPlatforms) = postSolution
		{A505FF42-9D08-4134-949B-235DF91D7A98}.Debug|Any CPU.ActiveCfg = Debug|Any CPU
		{A505FF42-9D08-4134-949B-235DF91D7A98}.Debug|Any CPU.Build.0 = Debug|Any CPU
		{A505FF42-9D08-4134-949B-235DF91D7A98}.Release|Any CPU.ActiveCfg = Release|Any CPU
		{A505FF42-9D08-4134-949B-235DF91D7A98}.Release|Any CPU.Build.0 = Release|Any CPU
	EndGlobalSection
	GlobalSection(SolutionProperties) = preSolution
		HideSolutionNode = FALSE
	EndGlobalSection
	GlobalSection(ExtensibilityGlobals) = postSolution
		SolutionGuid = {47ED5F2B-5281-41D8-82A7-F7656CA0F7F5}
	EndGlobalSection
EndGlobal
