
Microsoft Visual Studio Solution File, Format Version 12.00
# Visual Studio Version 17
VisualStudioVersion = 17.7.34221.43
MinimumVisualStudioVersion = 10.0.40219.1
Project("{FAE04EC0-301F-11D3-BF4B-00C04F79EFBC}") = "Extrama", "Extrama.csproj", "{1141B74C-6996-4AA4-9CAE-189B71CB9E36}"
EndProject
Global
	GlobalSection(SolutionConfigurationPlatforms) = preSolution
		Debug|Any CPU = Debug|Any CPU
		Release|Any CPU = Release|Any CPU
	EndGlobalSection
	GlobalSection(ProjectConfigurationPlatforms) = postSolution
		{1141B74C-6996-4AA4-9CAE-189B71CB9E36}.Debug|Any CPU.ActiveCfg = Debug|Any CPU
		{1141B74C-6996-4AA4-9CAE-189B71CB9E36}.Debug|Any CPU.Build.0 = Debug|Any CPU
		{1141B74C-6996-4AA4-9CAE-189B71CB9E36}.Release|Any CPU.ActiveCfg = Release|Any CPU
		{1141B74C-6996-4AA4-9CAE-189B71CB9E36}.Release|Any CPU.Build.0 = Release|Any CPU
	EndGlobalSection
	GlobalSection(SolutionProperties) = preSolution
		HideSolutionNode = FALSE
	EndGlobalSection
	GlobalSection(ExtensibilityGlobals) = postSolution
		SolutionGuid = {84F08490-4825-4A0D-856D-4FDCDF20E3D2}
	EndGlobalSection
EndGlobal
