
Microsoft Visual Studio Solution File, Format Version 12.00
# Visual Studio Version 17
VisualStudioVersion = 17.7.34221.43
MinimumVisualStudioVersion = 10.0.40219.1
Project("{FAE04EC0-301F-11D3-BF4B-00C04F79EFBC}") = "Followers", "Followers.csproj", "{8CBDAEDB-6BD1-4B5A-8258-FED45EFE32B6}"
EndProject
Global
	GlobalSection(SolutionConfigurationPlatforms) = preSolution
		Debug|Any CPU = Debug|Any CPU
		Release|Any CPU = Release|Any CPU
	EndGlobalSection
	GlobalSection(ProjectConfigurationPlatforms) = postSolution
		{8CBDAEDB-6BD1-4B5A-8258-FED45EFE32B6}.Debug|Any CPU.ActiveCfg = Debug|Any CPU
		{8CBDAEDB-6BD1-4B5A-8258-FED45EFE32B6}.Debug|Any CPU.Build.0 = Debug|Any CPU
		{8CBDAEDB-6BD1-4B5A-8258-FED45EFE32B6}.Release|Any CPU.ActiveCfg = Release|Any CPU
		{8CBDAEDB-6BD1-4B5A-8258-FED45EFE32B6}.Release|Any CPU.Build.0 = Release|Any CPU
	EndGlobalSection
	GlobalSection(SolutionProperties) = preSolution
		HideSolutionNode = FALSE
	EndGlobalSection
	GlobalSection(ExtensibilityGlobals) = postSolution
		SolutionGuid = {D5E7987F-BE99-4281-A444-5DB3C2DDFDE6}
	EndGlobalSection
EndGlobal
